
Microsoft Visual Studio Solution File, Format Version 12.00
# Visual Studio Version 17
VisualStudioVersion = 17.2.32630.192
MinimumVisualStudioVersion = 10.0.40219.1
Project("{8BC9CEB8-8B4A-11D0-8D11-00A0C91BC942}") = "saolei", "saolei.vcxproj", "{4FF51F5C-E393-4481-8B23-C2F20D3EF8C1}"
EndProject
Global
	GlobalSection(SolutionConfigurationPlatforms) = preSolution
		Debug|x64 = Debug|x64
		Debug|x86 = Debug|x86
		Release|x64 = Release|x64
		Release|x86 = Release|x86
	EndGlobalSection
	GlobalSection(ProjectConfigurationPlatforms) = postSolution
		{4FF51F5C-E393-4481-8B23-C2F20D3EF8C1}.Debug|x64.ActiveCfg = Debug|x64
		{4FF51F5C-E393-4481-8B23-C2F20D3EF8C1}.Debug|x64.Build.0 = Debug|x64
		{4FF51F5C-E393-4481-8B23-C2F20D3EF8C1}.Debug|x86.ActiveCfg = Debug|Win32
		{4FF51F5C-E393-4481-8B23-C2F20D3EF8C1}.Debug|x86.Build.0 = Debug|Win32
		{4FF51F5C-E393-4481-8B23-C2F20D3EF8C1}.Release|x64.ActiveCfg = Release|x64
		{4FF51F5C-E393-4481-8B23-C2F20D3EF8C1}.Release|x64.Build.0 = Release|x64
		{4FF51F5C-E393-4481-8B23-C2F20D3EF8C1}.Release|x86.ActiveCfg = Release|Win32
		{4FF51F5C-E393-4481-8B23-C2F20D3EF8C1}.Release|x86.Build.0 = Release|Win32
	EndGlobalSection
	GlobalSection(SolutionProperties) = preSolution
		HideSolutionNode = FALSE
	EndGlobalSection
	GlobalSection(ExtensibilityGlobals) = postSolution
		SolutionGuid = {2272DBE0-FABB-4330-82FF-EBE70A727504}
	EndGlobalSection
EndGlobal
